# This file was autogenerated by Stack.
# You should not edit this file by hand.
# For more information, please see the documentation at:
#   https://docs.haskellstack.org/en/stable/lock_files

packages:
- completed:
    size: 1565366
    subdir: worldturtle
    url: https://github.com/aneilmac/worldturtle-haskell/archive/dee86cb043aa4bd7fb087a314c432ddeefca911d.tar.gz
    name: worldturtle
    version: 0.3.0.0
    sha256: bc559296fe7d0f0edf019da3ca388d5d3aab2686e661c2f0dca2d4f5d3abfce2
    pantry-tree:
      size: 1212
      sha256: 1d3d384eab7ccbd7e4ec0233f2b874f47ec0ce125655d8e19978fa7de0b6c40c
  original:
    subdir: worldturtle
    url: https://github.com/aneilmac/worldturtle-haskell/archive/dee86cb043aa4bd7fb087a314c432ddeefca911d.tar.gz
snapshots:
- completed:
    size: 590102
    url: https://raw.githubusercontent.com/commercialhaskell/stackage-snapshots/master/lts/18/27.yaml
    sha256: 79a786674930a89301b0e908fad2822a48882f3d01486117693c377b8edffdbe
  original: lts-18.27
